dependencies:
- name: common
  repository: https://charts.bitnami.com/bitnami
  version: 1.17.1
- name: mariadb
  repository: https://charts.bitnami.com/bitnami
  version: 11.5.5
- name: mysql
  repository: https://charts.bitnami.com/bitnami
  version: 9.7.0
- name: redis
  repository: https://charts.bitnami.com/bitnami
  version: 16.13.2
- name: rabbitmq
  repository: https://charts.bitnami.com/bitnami
  version: 11.12.0
digest: sha256:3b727c906061fd236b6244da2554f2dc969b8fb62339a3ca79eb5f4c10683d84
generated: "2023-03-29T23:20:23.022281+08:00"
